
Microsoft Visual Studio Solution File, Format Version 12.00
# Visual Studio Version 17
VisualStudioVersion = 17.14.36401.2 d17.14
MinimumVisualStudioVersion = 10.0.40219.1
Project("{FAE04EC0-301F-11D3-BF4B-00C04F79EFBC}") = "Trabalho 1 - C#", "Trabalho 1 - C#.csproj", "{9C2AA1B1-0260-4BE4-AB55-54DBF56B6875}"
EndProject
Global
	GlobalSection(SolutionConfigurationPlatforms) = preSolution
		Debug|Any CPU = Debug|Any CPU
		Release|Any CPU = Release|Any CPU
	EndGlobalSection
	GlobalSection(ProjectConfigurationPlatforms) = postSolution
		{9C2AA1B1-0260-4BE4-AB55-54DBF56B6875}.Debug|Any CPU.ActiveCfg = Debug|Any CPU
		{9C2AA1B1-0260-4BE4-AB55-54DBF56B6875}.Debug|Any CPU.Build.0 = Debug|Any CPU
		{9C2AA1B1-0260-4BE4-AB55-54DBF56B6875}.Release|Any CPU.ActiveCfg = Release|Any CPU
		{9C2AA1B1-0260-4BE4-AB55-54DBF56B6875}.Release|Any CPU.Build.0 = Release|Any CPU
	EndGlobalSection
	GlobalSection(SolutionProperties) = preSolution
		HideSolutionNode = FALSE
	EndGlobalSection
	GlobalSection(ExtensibilityGlobals) = postSolution
		SolutionGuid = {E775EC4D-1094-4A27-8DF1-246C50FF0016}
	EndGlobalSection
EndGlobal
