
Microsoft Visual Studio Solution File, Format Version 12.00
# Visual Studio Version 17
VisualStudioVersion = 17.14.36401.2 d17.14
MinimumVisualStudioVersion = 10.0.40219.1
Project("{FAE04EC0-301F-11D3-BF4B-00C04F79EFBC}") = "Trabalho 1 - C#", "Trabalho 1 - C#.csproj", "{6CE229C0-348C-4241-BBC3-C7298A887AA5}"
EndProject
Global
	GlobalSection(SolutionConfigurationPlatforms) = preSolution
		Debug|Any CPU = Debug|Any CPU
		Release|Any CPU = Release|Any CPU
	EndGlobalSection
	GlobalSection(ProjectConfigurationPlatforms) = postSolution
		{6CE229C0-348C-4241-BBC3-C7298A887AA5}.Debug|Any CPU.ActiveCfg = Debug|Any CPU
		{6CE229C0-348C-4241-BBC3-C7298A887AA5}.Debug|Any CPU.Build.0 = Debug|Any CPU
		{6CE229C0-348C-4241-BBC3-C7298A887AA5}.Release|Any CPU.ActiveCfg = Release|Any CPU
		{6CE229C0-348C-4241-BBC3-C7298A887AA5}.Release|Any CPU.Build.0 = Release|Any CPU
	EndGlobalSection
	GlobalSection(SolutionProperties) = preSolution
		HideSolutionNode = FALSE
	EndGlobalSection
	GlobalSection(ExtensibilityGlobals) = postSolution
		SolutionGuid = {914E4795-F926-43F8-9010-9E9DE8D5DB5E}
	EndGlobalSection
EndGlobal
